
Microsoft Visual Studio Solution File, Format Version 12.00
# Visual Studio Version 16
VisualStudioVersion = 16.0.30709.64
MinimumVisualStudioVersion = 10.0.40219.1
Project("{9A19103F-16F7-4668-BE54-9A1E7A4F7556}") = "SecureTalk", "SecureTalk\SecureTalk.csproj", "{88883C16-F14D-4ADC-857E-F39ECF807CC8}"
EndProject
Project("{FAE04EC0-301F-11D3-BF4B-00C04F79EFBC}") = "ClientModels", "ClientModels\ClientModels.csproj", "{625E4639-E87E-478C-B004-7F8759FF4E95}"
EndProject
Project("{FAE04EC0-301F-11D3-BF4B-00C04F79EFBC}") = "API", "API\API.csproj", "{2F311D1C-106D-49AC-8E36-4FE8967DF4C1}"
EndProject
Project("{FAE04EC0-301F-11D3-BF4B-00C04F79EFBC}") = "APIClient", "APIClient\APIClient.csproj", "{7769963C-5FFB-418E-83B6-8AF2D43E649C}"
EndProject
Global
	GlobalSection(SolutionConfigurationPlatforms) = preSolution
		Debug|Any CPU = Debug|Any CPU
		Release|Any CPU = Release|Any CPU
	EndGlobalSection
	GlobalSection(ProjectConfigurationPlatforms) = postSolution
		{88883C16-F14D-4ADC-857E-F39ECF807CC8}.Debug|Any CPU.ActiveCfg = Debug|Any CPU
		{88883C16-F14D-4ADC-857E-F39ECF807CC8}.Debug|Any CPU.Build.0 = Debug|Any CPU
		{88883C16-F14D-4ADC-857E-F39ECF807CC8}.Release|Any CPU.ActiveCfg = Release|Any CPU
		{88883C16-F14D-4ADC-857E-F39ECF807CC8}.Release|Any CPU.Build.0 = Release|Any CPU
		{625E4639-E87E-478C-B004-7F8759FF4E95}.Debug|Any CPU.ActiveCfg = Debug|Any CPU
		{625E4639-E87E-478C-B004-7F8759FF4E95}.Debug|Any CPU.Build.0 = Debug|Any CPU
		{625E4639-E87E-478C-B004-7F8759FF4E95}.Release|Any CPU.ActiveCfg = Release|Any CPU
		{625E4639-E87E-478C-B004-7F8759FF4E95}.Release|Any CPU.Build.0 = Release|Any CPU
		{2F311D1C-106D-49AC-8E36-4FE8967DF4C1}.Debug|Any CPU.ActiveCfg = Debug|Any CPU
		{2F311D1C-106D-49AC-8E36-4FE8967DF4C1}.Debug|Any CPU.Build.0 = Debug|Any CPU
		{2F311D1C-106D-49AC-8E36-4FE8967DF4C1}.Release|Any CPU.ActiveCfg = Release|Any CPU
		{2F311D1C-106D-49AC-8E36-4FE8967DF4C1}.Release|Any CPU.Build.0 = Release|Any CPU
		{7769963C-5FFB-418E-83B6-8AF2D43E649C}.Debug|Any CPU.ActiveCfg = Debug|Any CPU
		{7769963C-5FFB-418E-83B6-8AF2D43E649C}.Debug|Any CPU.Build.0 = Debug|Any CPU
		{7769963C-5FFB-418E-83B6-8AF2D43E649C}.Release|Any CPU.ActiveCfg = Release|Any CPU
		{7769963C-5FFB-418E-83B6-8AF2D43E649C}.Release|Any CPU.Build.0 = Release|Any CPU
	EndGlobalSection
	GlobalSection(SolutionProperties) = preSolution
		HideSolutionNode = FALSE
	EndGlobalSection
	GlobalSection(ExtensibilityGlobals) = postSolution
		SolutionGuid = {C9E90E8F-2950-4143-8493-EDD21EA4CEFA}
	EndGlobalSection
EndGlobal
